
Microsoft Visual Studio Solution File, Format Version 12.00
# Visual Studio Version 17
VisualStudioVersion = 17.5.33530.505
MinimumVisualStudioVersion = 10.0.40219.1
Project("{FAE04EC0-301F-11D3-BF4B-00C04F79EFBC}") = "WinFormsApp2", "WinFormsApp2\WinFormsApp2.csproj", "{D1CA9E59-6E8A-451B-8734-1F24183675F1}"
EndProject
Global
	GlobalSection(SolutionConfigurationPlatforms) = preSolution
		Debug|Any CPU = Debug|Any CPU
		Release|Any CPU = Release|Any CPU
	EndGlobalSection
	GlobalSection(ProjectConfigurationPlatforms) = postSolution
		{D1CA9E59-6E8A-451B-8734-1F24183675F1}.Debug|Any CPU.ActiveCfg = Debug|Any CPU
		{D1CA9E59-6E8A-451B-8734-1F24183675F1}.Debug|Any CPU.Build.0 = Debug|Any CPU
		{D1CA9E59-6E8A-451B-8734-1F24183675F1}.Release|Any CPU.ActiveCfg = Release|Any CPU
		{D1CA9E59-6E8A-451B-8734-1F24183675F1}.Release|Any CPU.Build.0 = Release|Any CPU
	EndGlobalSection
	GlobalSection(SolutionProperties) = preSolution
		HideSolutionNode = FALSE
	EndGlobalSection
	GlobalSection(ExtensibilityGlobals) = postSolution
		SolutionGuid = {137ABD29-85EA-49AA-9B07-110C24CB319D}
	EndGlobalSection
EndGlobal
